Microsoft Visual Studio Solution File, Format Version 12.00
# Visual Studio Version 17
VisualStudioVersion = 17.5.2.0
MinimumVisualStudioVersion = 10.0.40219.1
Project("{2150E333-8FDC-42A3-9474-1A3956D46DE8}") = "backend", "backend", "{1AE8ACA6-933B-BF2A-3671-3E2EAC007D16}"
EndProject
Project("{FAE04EC0-301F-11D3-BF4B-00C04F79EFBC}") = "AtmBackend", "backend\AtmBackend.csproj", "{BCE85EDB-0A63-1229-CEAA-083F068FCFFF}"
EndProject
Global
	GlobalSection(SolutionConfigurationPlatforms) = preSolution
		Debug|Any CPU = Debug|Any CPU
		Release|Any CPU = Release|Any CPU
	EndGlobalSection
	GlobalSection(ProjectConfigurationPlatforms) = postSolution
		{BCE85EDB-0A63-1229-CEAA-083F068FCFFF}.Debug|Any CPU.ActiveCfg = Debug|Any CPU
		{BCE85EDB-0A63-1229-CEAA-083F068FCFFF}.Debug|Any CPU.Build.0 = Debug|Any CPU
		{BCE85EDB-0A63-1229-CEAA-083F068FCFFF}.Release|Any CPU.ActiveCfg = Release|Any CPU
		{BCE85EDB-0A63-1229-CEAA-083F068FCFFF}.Release|Any CPU.Build.0 = Release|Any CPU
	EndGlobalSection
	GlobalSection(SolutionProperties) = preSolution
		HideSolutionNode = FALSE
	EndGlobalSection
	GlobalSection(NestedProjects) = preSolution
		{BCE85EDB-0A63-1229-CEAA-083F068FCFFF} = {1AE8ACA6-933B-BF2A-3671-3E2EAC007D16}
	EndGlobalSection
	GlobalSection(ExtensibilityGlobals) = postSolution
		SolutionGuid = {888AD5CF-110A-410D-9938-AA94E3E936C7}
	EndGlobalSection
EndGlobal
